
Microsoft Visual Studio Solution File, Format Version 12.00
# Visual Studio Version 16
VisualStudioVersion = 16.0.31729.503
MinimumVisualStudioVersion = 10.0.40219.1
Project("{FAE04EC0-301F-11D3-BF4B-00C04F79EFBC}") = "Classes", "Classes\Classes.csproj", "{5BFCD0EB-D1CD-4673-A759-3C99F3E07C03}"
EndProject
Project("{FAE04EC0-301F-11D3-BF4B-00C04F79EFBC}") = "Interface", "Interface\Interface.csproj", "{54387899-51C2-4506-A4C5-A5F8736DBCE2}"
EndProject
Global
	GlobalSection(SolutionConfigurationPlatforms) = preSolution
		Debug|Any CPU = Debug|Any CPU
		Release|Any CPU = Release|Any CPU
	EndGlobalSection
	GlobalSection(ProjectConfigurationPlatforms) = postSolution
		{5BFCD0EB-D1CD-4673-A759-3C99F3E07C03}.Debug|Any CPU.ActiveCfg = Debug|Any CPU
		{5BFCD0EB-D1CD-4673-A759-3C99F3E07C03}.Debug|Any CPU.Build.0 = Debug|Any CPU
		{5BFCD0EB-D1CD-4673-A759-3C99F3E07C03}.Release|Any CPU.ActiveCfg = Release|Any CPU
		{5BFCD0EB-D1CD-4673-A759-3C99F3E07C03}.Release|Any CPU.Build.0 = Release|Any CPU
		{54387899-51C2-4506-A4C5-A5F8736DBCE2}.Debug|Any CPU.ActiveCfg = Debug|Any CPU
		{54387899-51C2-4506-A4C5-A5F8736DBCE2}.Debug|Any CPU.Build.0 = Debug|Any CPU
		{54387899-51C2-4506-A4C5-A5F8736DBCE2}.Release|Any CPU.ActiveCfg = Release|Any CPU
		{54387899-51C2-4506-A4C5-A5F8736DBCE2}.Release|Any CPU.Build.0 = Release|Any CPU
	EndGlobalSection
	GlobalSection(SolutionProperties) = preSolution
		HideSolutionNode = FALSE
	EndGlobalSection
	GlobalSection(ExtensibilityGlobals) = postSolution
		SolutionGuid = {5FAD5767-5A95-477E-ABEA-078BBC8EA48C}
	EndGlobalSection
EndGlobal
